PODS:
  - apple_vision_flutter (0.0.1):
    - Flutter
  - camera_avfoundation (0.0.1):
    - Flutter
  - Flutter (1.0.0)

DEPENDENCIES:
  - apple_vision_flutter (from `.symlinks/plugins/apple_vision_flutter/ios`)
  - camera_avfoundation (from `.symlinks/plugins/camera_avfoundation/ios`)
  - Flutter (from `Flutter`)

EXTERNAL SOURCES:
  apple_vision_flutter:
    :path: ".symlinks/plugins/apple_vision_flutter/ios"
  camera_avfoundation:
    :path: ".symlinks/plugins/camera_avfoundation/ios"
  Flutter:
    :path: Flutter

SPEC CHECKSUMS:
  apple_vision_flutter: 996881add37d521827bad5a7b2e5820138f519e9
  camera_avfoundation: 07c77549ea54ad95d8581be86617c094a46280d9
  Flutter: f04841e97a9d0b0a8025694d0796dd46242b2854

PODFILE CHECKSUM: cc1f88378b4bfcf93a6ce00d2c587857c6008d3b

COCOAPODS: 1.11.2
